{
  "version": 4,
  "terraform_version": "1.10.5",
  "serial": 468,
  "lineage": "341c307b-4842-a608-538d-0496ece7b412",
  "outputs": {},
  "resources": [
    {
      "mode": "managed",
      "type": "vault_identity_group",
      "name": "vault_admin",
      "provider": "provider[\"registry.terraform.io/hashicorp/vault\"]",
      "instances": [
        {
          "schema_version": 0,
          "attributes": {
            "external_member_entity_ids": false,
            "external_policies": false,
            "id": "6ffe0160-b805-cece-b1e8-fd2d3ad3d238",
            "member_entity_ids": null,
            "member_group_ids": null,
            "metadata": null,
            "name": "vault-admin",
            "policies": [
              "vault-admin"
            ],
            "type": "external"
          },
          "sensitive_attributes": [],
          "private": "bnVsbA==",
          "dependencies": [
            "vault_policy.vault_admin"
          ]
        }
      ]
    },
    {
      "mode": "managed",
      "type": "vault_identity_group_alias",
      "name": "vault_admin",
      "provider": "provider[\"registry.terraform.io/hashicorp/vault\"]",
      "instances": [
        {
          "schema_version": 0,
          "attributes": {
            "canonical_id": "6ffe0160-b805-cece-b1e8-fd2d3ad3d238",
            "id": "95acf7f8-9d6e-d15c-a825-ccd3bf4b77bd",
            "mount_accessor": "auth_oidc_4d9c7cb8",
            "name": "vault-admin"
          },
          "sensitive_attributes": [],
          "private": "bnVsbA==",
          "dependencies": [
            "vault_identity_group.vault_admin",
            "vault_jwt_auth_backend.keycloak",
            "vault_policy.vault_admin"
          ]
        }
      ]
    },
    {
      "mode": "managed",
      "type": "vault_jwt_auth_backend",
      "name": "keycloak",
      "provider": "provider[\"registry.terraform.io/hashicorp/vault\"]",
      "instances": [
        {
          "schema_version": 0,
          "attributes": {
            "accessor": "auth_oidc_4d9c7cb8",
            "bound_issuer": "",
            "default_role": "default",
            "description": "Keycloak",
            "id": "oidc",
            "jwks_ca_pem": "",
            "jwks_url": "",
            "jwt_supported_algs": null,
            "jwt_validation_pubkeys": null,
            "local": false,
            "oidc_client_id": "Vault",
            "oidc_client_secret": "3AT35Myrvp7eCOI96oMhpZhM4o1CC6ul",
            "oidc_discovery_ca_pem": "-----BEGIN CERTIFICATE-----\nMIIDOzCCAiOgAwIBAgIUaSu4VH+ZfG/3+lOeMOQaTLjJolEwDQYJKoZIhvcNAQEL\nBQAwGDEWMBQGA1UEAxMNcHJvdmlkZXIudGVzdDAeFw0yNTAyMTkyMjU1MjFaFw0z\nNTAyMTcyMjU1NTBaMBgxFjAUBgNVBAMTDXByb3ZpZGVyLnRlc3QwggEiMA0GCSqG\nSIb3DQEBAQUAA4IBDwAwggEKAoIBAQCXaNCS5TU4CM45a68pvnTDySErRzh0bFma\nWiY7+axn+7SWYFuyDHIbsLd0MdvtMs9c9t3TrntDE2lEnO6HIchijtfNYUUnHNeW\nhHU8CrmXhPiGnSX5uMfEwrb1YRZQ4GBkAKTUOxgFTZDNdN6Y3eyddfDlOLkRkUGT\nuUBdXbEWVvjAEXd5jyhiTb87H8sTqIRl8pl6gv68G98CKSopTvHOUqJq2ZLC2A9/\n3z6RgSeusn7TArYzjsAjbEKdrLZ/ATm7oT9UCkizj9nUHfNbgVSlGn1blhsbqslQ\nvgnlZO8FIAbKcbEXoHkk/i8tWA7Fw5z4y9nk9j4dmkPVetWjQ+mHAgMBAAGjfTB7\nMA4GA1UdDwEB/wQEAwIBBjAPBgNVHRMBAf8EBTADAQH/MB0GA1UdDgQWBBQOSlp0\n1AjZPauAuKQYkp9V2iGNSTAfBgNVHSMEGDAWgBQOSlp01AjZPauAuKQYkp9V2iGN\nSTAYBgNVHREEETAPgg1wcm92aWRlci50ZXN0MA0GCSqGSIb3DQEBCwUAA4IBAQCS\nDRsx0DKZqeWX0LcmuNLVsu606C7qS4outJaaNouOZZpKuczA19JNXyzGGeUGMhJn\nWDFUbYS9ZQLXpwusjLa15B6LAQ//KgYrwixwfYbssuuKk9e8CCrD912JJUNe8JkA\nsMV8p2C+ABJo2V5MLxpdqCxTFPLVKJzYvYbnNSjVvKm6GOmnIMM7ruMVOsj+OArE\nv3/dtqAviGbmyMQ3tafHQVVlrTAng+IGYpsQ2lIeMULQ/BsO35L6JRXsNgFpTnbb\nKOn8d0bNIYxoGETm7b3E8mC0OHvnJyzJlG0yGcfLVZaWGr3hl0CR9EWQXJ/hpVhl\nc/0gQoJb8xUGXrfgmKMW\n-----END CERTIFICATE-----",
            "oidc_discovery_url": "https://keycloak.services.provider.test:8443/realms/cicdtoolbox",
            "path": "oidc",
            "provider_config": null,
            "tune": [
              {
                "allowed_response_headers": [],
                "audit_non_hmac_request_keys": [],
                "audit_non_hmac_response_keys": [],
                "default_lease_ttl": "1h",
                "listing_visibility": "unauth",
                "max_lease_ttl": "8h",
                "passthrough_request_headers": [],
                "token_type": "default-service"
              }
            ],
            "type": "oidc"
          },
          "sensitive_attributes": [
            [
              {
                "type": "get_attr",
                "value": "oidc_client_secret"
              }
            ]
          ],
          "private": "bnVsbA=="
        }
      ]
    },
    {
      "mode": "managed",
      "type": "vault_jwt_auth_backend_role",
      "name": "default",
      "provider": "provider[\"registry.terraform.io/hashicorp/vault\"]",
      "instances": [
        {
          "schema_version": 0,
          "attributes": {
            "allowed_redirect_uris": [
              "http://localhost:8250/oidc/callback",
              "https://vault.internal.provider.test:8200/ui/vault/auth/oidc/oidc/callback"
            ],
            "backend": "oidc",
            "bound_audiences": null,
            "bound_cidrs": null,
            "bound_claims": null,
            "bound_claims_type": "string",
            "bound_subject": "",
            "claim_mappings": null,
            "clock_skew_leeway": 0,
            "expiration_leeway": 0,
            "groups_claim": "vaultGroups",
            "groups_claim_delimiter_pattern": null,
            "id": "auth/oidc/role/default",
            "max_ttl": null,
            "not_before_leeway": 0,
            "num_uses": null,
            "oidc_scopes": null,
            "period": null,
            "policies": null,
            "role_name": "default",
            "role_type": "oidc",
            "token_bound_cidrs": null,
            "token_explicit_max_ttl": 0,
            "token_max_ttl": 0,
            "token_no_default_policy": false,
            "token_num_uses": 0,
            "token_period": 0,
            "token_policies": [
              "default"
            ],
            "token_ttl": 0,
            "token_type": "default",
            "ttl": null,
            "user_claim": "sub",
            "verbose_oidc_logging": false
          },
          "sensitive_attributes": [],
          "private": "bnVsbA==",
          "dependencies": [
            "vault_jwt_auth_backend.keycloak"
          ]
        }
      ]
    },
    {
      "mode": "managed",
      "type": "vault_policy",
      "name": "vault_admin",
      "provider": "provider[\"registry.terraform.io/hashicorp/vault\"]",
      "instances": [
        {
          "schema_version": 0,
          "attributes": {
            "id": "vault-admin",
            "name": "vault-admin",
            "policy": "# Read system health check\npath \"sys/health\"\n{\n  capabilities = [\"read\", \"sudo\"]\n}\n\n# Create and manage ACL policies broadly across Vault\n\n# List existing policies\npath \"sys/policies/acl\"\n{\n  capabilities = [\"list\"]\n}\n\n# Create and manage ACL policies\npath \"sys/policies/acl/*\"\n{\n  capabilities = [\"create\", \"read\", \"update\", \"delete\", \"list\", \"sudo\"]\n}\n\n# Enable and manage authentication methods broadly across Vault\n\n# Manage auth methods broadly across Vault\npath \"auth/*\"\n{\n  capabilities = [\"create\", \"read\", \"update\", \"delete\", \"list\", \"sudo\"]\n}\n\n# Create, update, and delete auth methods\npath \"sys/auth/*\"\n{\n  capabilities = [\"create\", \"update\", \"delete\", \"sudo\"]\n}\n\n# List auth methods\npath \"sys/auth\"\n{\n  capabilities = [\"read\"]\n}\n\n# Enable and manage the key/value secrets engine at `secret/` path\n\n# List, create, update, and delete key/value secrets\npath \"secret/*\"\n{\n  capabilities = [\"create\", \"read\", \"update\", \"delete\", \"list\", \"sudo\"]\n}\n\n# Manage secrets engines\npath \"sys/mounts/*\"\n{\n  capabilities = [\"create\", \"read\", \"update\", \"delete\", \"list\", \"sudo\"]\n}\n\n# List existing secrets engines.\npath \"sys/mounts\"\n{\n  capabilities = [\"read\"]\n}\n\npath \"kv/*\"\n{\n  capabilities = [\"create\", \"read\", \"update\", \"delete\", \"list\", \"sudo\"]\n}\n"
          },
          "sensitive_attributes": [],
          "private": "bnVsbA=="
        }
      ]
    }
  ],
  "check_results": null
}
