{
  "version": 4,
  "terraform_version": "1.10.5",
  "serial": 486,
  "lineage": "341c307b-4842-a608-538d-0496ece7b412",
  "outputs": {},
  "resources": [
    {
      "mode": "managed",
      "type": "vault_identity_group",
      "name": "vault_admin",
      "provider": "provider[\"registry.terraform.io/hashicorp/vault\"]",
      "instances": [
        {
          "schema_version": 0,
          "attributes": {
            "external_member_entity_ids": false,
            "external_policies": false,
            "id": "2363615d-da62-6687-2f1b-ed1ac2ad9547",
            "member_entity_ids": null,
            "member_group_ids": null,
            "metadata": null,
            "name": "vault-admin",
            "policies": [
              "vault-admin"
            ],
            "type": "external"
          },
          "sensitive_attributes": [],
          "private": "bnVsbA==",
          "dependencies": [
            "vault_policy.vault_admin"
          ]
        }
      ]
    },
    {
      "mode": "managed",
      "type": "vault_identity_group_alias",
      "name": "vault_admin",
      "provider": "provider[\"registry.terraform.io/hashicorp/vault\"]",
      "instances": [
        {
          "schema_version": 0,
          "attributes": {
            "canonical_id": "2363615d-da62-6687-2f1b-ed1ac2ad9547",
            "id": "54956823-daf3-dc33-c64b-ef305b2806c5",
            "mount_accessor": "auth_oidc_d6b9ad69",
            "name": "vault-admin"
          },
          "sensitive_attributes": [],
          "private": "bnVsbA==",
          "dependencies": [
            "vault_identity_group.vault_admin",
            "vault_jwt_auth_backend.keycloak",
            "vault_policy.vault_admin"
          ]
        }
      ]
    },
    {
      "mode": "managed",
      "type": "vault_jwt_auth_backend",
      "name": "keycloak",
      "provider": "provider[\"registry.terraform.io/hashicorp/vault\"]",
      "instances": [
        {
          "schema_version": 0,
          "attributes": {
            "accessor": "auth_oidc_d6b9ad69",
            "bound_issuer": "",
            "default_role": "default",
            "description": "Keycloak",
            "id": "oidc",
            "jwks_ca_pem": "",
            "jwks_url": "",
            "jwt_supported_algs": null,
            "jwt_validation_pubkeys": null,
            "local": false,
            "oidc_client_id": "Vault",
            "oidc_client_secret": "84WnzznJfABeIKm193Xfe1mc28dhibPj",
            "oidc_discovery_ca_pem": "-----BEGIN CERTIFICATE-----\nMIIDOzCCAiOgAwIBAgIUUQX8XtmTGiKeSY3TQFJ1Y4CdcXAwDQYJKoZIhvcNAQEL\nBQAwGDEWMBQGA1UEAxMNcHJvdmlkZXIudGVzdDAeFw0yNTAyMjAwOTU3MTZaFw0z\nNTAyMTgwOTU3NDZaMBgxFjAUBgNVBAMTDXByb3ZpZGVyLnRlc3QwggEiMA0GCSqG\nSIb3DQEBAQUAA4IBDwAwggEKAoIBAQDtMx/rJvzlCymhLKjQh2ZHzwbVQiIC9ViN\nIlVYfgxklv5yMljxSK40KRzPG0Lb9RviX9RNWcgL9nT7XSUjoaa+3VEdo3O/YSR7\nlCmFclH/8CQqALhFUALnEjdMBJQHW7bCSFAwDdXIo5x3FHcrLgZPADcSO4qvOoQT\nUQ365qrhHBYI8uLWnxKgLfWRzCg6oR7GillFDMBwu3LVMQQdNQl8LK1Aka/weHDs\nbUNMKWk7N7XFw2d6TYa4gjAea0uw3ClRJKl4Y0URHxaRC3oLwrc3C/E5FpBEAtnc\nqRhXZ9Wx+33W2t5gMbVe3iZlT0uPv+bgs0Zc2g+W5t8TlrppCOpRAgMBAAGjfTB7\nMA4GA1UdDwEB/wQEAwIBBjAPBgNVHRMBAf8EBTADAQH/MB0GA1UdDgQWBBSdv4Xo\nwD1nf+BkJQHFIg36kiHj8jAfBgNVHSMEGDAWgBSdv4XowD1nf+BkJQHFIg36kiHj\n8jAYBgNVHREEETAPgg1wcm92aWRlci50ZXN0MA0GCSqGSIb3DQEBCwUAA4IBAQDr\nhZ/oW/xQezt/2bXsXvwOd/Wdpq0jySziZgVa0X1uR2Qg6F3hQHV767IsNyQNcCps\nT7dbqqxH5AoZVcMTsretXb4wikc2c3QiPfhmxM3PcTEtgO2pTTSwp7T1oPudFb0p\nNQME9I98o7ZXqtLQrvm83YvH9rR2+Rmez1jzDW1G36PXpi9ObLxqcBxgM6R43Uwc\nVJLXiL4U1PW0FrW+ayhEkK779MuQ+TZWEteZ7L2YBECGOerR3Z6Yi0Uw/o+hKwHE\nz7G3du6phtc+r7/AFAsnEoiQqK/MbtMKT5P3L4HQ3tPU2vSntAV7++vj5nDz9SxG\nBnK2keTrfOlzasy8R+Ur\n-----END CERTIFICATE-----",
            "oidc_discovery_url": "https://keycloak.services.provider.test:8443/realms/cicdtoolbox",
            "path": "oidc",
            "provider_config": null,
            "tune": [
              {
                "allowed_response_headers": [],
                "audit_non_hmac_request_keys": [],
                "audit_non_hmac_response_keys": [],
                "default_lease_ttl": "1h",
                "listing_visibility": "unauth",
                "max_lease_ttl": "8h",
                "passthrough_request_headers": [],
                "token_type": "default-service"
              }
            ],
            "type": "oidc"
          },
          "sensitive_attributes": [
            [
              {
                "type": "get_attr",
                "value": "oidc_client_secret"
              }
            ]
          ],
          "private": "bnVsbA=="
        }
      ]
    },
    {
      "mode": "managed",
      "type": "vault_jwt_auth_backend_role",
      "name": "default",
      "provider": "provider[\"registry.terraform.io/hashicorp/vault\"]",
      "instances": [
        {
          "schema_version": 0,
          "attributes": {
            "allowed_redirect_uris": [
              "http://localhost:8250/oidc/callback",
              "https://vault.internal.provider.test:8200/ui/vault/auth/oidc/oidc/callback"
            ],
            "backend": "oidc",
            "bound_audiences": null,
            "bound_cidrs": null,
            "bound_claims": null,
            "bound_claims_type": "string",
            "bound_subject": "",
            "claim_mappings": null,
            "clock_skew_leeway": 0,
            "expiration_leeway": 0,
            "groups_claim": "vaultGroups",
            "groups_claim_delimiter_pattern": null,
            "id": "auth/oidc/role/default",
            "max_ttl": null,
            "not_before_leeway": 0,
            "num_uses": null,
            "oidc_scopes": null,
            "period": null,
            "policies": null,
            "role_name": "default",
            "role_type": "oidc",
            "token_bound_cidrs": null,
            "token_explicit_max_ttl": 0,
            "token_max_ttl": 0,
            "token_no_default_policy": false,
            "token_num_uses": 0,
            "token_period": 0,
            "token_policies": [
              "default"
            ],
            "token_ttl": 0,
            "token_type": "default",
            "ttl": null,
            "user_claim": "sub",
            "verbose_oidc_logging": false
          },
          "sensitive_attributes": [],
          "private": "bnVsbA==",
          "dependencies": [
            "vault_jwt_auth_backend.keycloak"
          ]
        }
      ]
    },
    {
      "mode": "managed",
      "type": "vault_policy",
      "name": "vault_admin",
      "provider": "provider[\"registry.terraform.io/hashicorp/vault\"]",
      "instances": [
        {
          "schema_version": 0,
          "attributes": {
            "id": "vault-admin",
            "name": "vault-admin",
            "policy": "# Read system health check\npath \"sys/health\"\n{\n  capabilities = [\"read\", \"sudo\"]\n}\n\n# Create and manage ACL policies broadly across Vault\n\n# List existing policies\npath \"sys/policies/acl\"\n{\n  capabilities = [\"list\"]\n}\n\n# Create and manage ACL policies\npath \"sys/policies/acl/*\"\n{\n  capabilities = [\"create\", \"read\", \"update\", \"delete\", \"list\", \"sudo\"]\n}\n\n# Enable and manage authentication methods broadly across Vault\n\n# Manage auth methods broadly across Vault\npath \"auth/*\"\n{\n  capabilities = [\"create\", \"read\", \"update\", \"delete\", \"list\", \"sudo\"]\n}\n\n# Create, update, and delete auth methods\npath \"sys/auth/*\"\n{\n  capabilities = [\"create\", \"update\", \"delete\", \"sudo\"]\n}\n\n# List auth methods\npath \"sys/auth\"\n{\n  capabilities = [\"read\"]\n}\n\n# Enable and manage the key/value secrets engine at `secret/` path\n\n# List, create, update, and delete key/value secrets\npath \"secret/*\"\n{\n  capabilities = [\"create\", \"read\", \"update\", \"delete\", \"list\", \"sudo\"]\n}\n\n# Manage secrets engines\npath \"sys/mounts/*\"\n{\n  capabilities = [\"create\", \"read\", \"update\", \"delete\", \"list\", \"sudo\"]\n}\n\n# List existing secrets engines.\npath \"sys/mounts\"\n{\n  capabilities = [\"read\"]\n}\n\npath \"kv/*\"\n{\n  capabilities = [\"create\", \"read\", \"update\", \"delete\", \"list\", \"sudo\"]\n}\n"
          },
          "sensitive_attributes": [],
          "private": "bnVsbA=="
        }
      ]
    }
  ],
  "check_results": null
}
