{
  "version": 4,
  "terraform_version": "1.10.5",
  "serial": 84,
  "lineage": "341c307b-4842-a608-538d-0496ece7b412",
  "outputs": {},
  "resources": [
    {
      "mode": "managed",
      "type": "vault_identity_group",
      "name": "vault_admin",
      "provider": "provider[\"registry.terraform.io/hashicorp/vault\"]",
      "instances": [
        {
          "schema_version": 0,
          "attributes": {
            "external_member_entity_ids": false,
            "external_policies": false,
            "id": "25618770-d1e9-b477-effe-de6cb74a5250",
            "member_entity_ids": null,
            "member_group_ids": null,
            "metadata": null,
            "name": "vault-admin",
            "policies": [
              "vault-admin"
            ],
            "type": "external"
          },
          "sensitive_attributes": [],
          "private": "bnVsbA==",
          "dependencies": [
            "vault_policy.vault_admin"
          ]
        }
      ]
    },
    {
      "mode": "managed",
      "type": "vault_identity_group_alias",
      "name": "vault_admin",
      "provider": "provider[\"registry.terraform.io/hashicorp/vault\"]",
      "instances": [
        {
          "schema_version": 0,
          "attributes": {
            "canonical_id": "25618770-d1e9-b477-effe-de6cb74a5250",
            "id": "c066050d-3101-7a04-2072-49cd9d7d6109",
            "mount_accessor": "auth_oidc_0b554301",
            "name": "vault-admin"
          },
          "sensitive_attributes": [],
          "private": "bnVsbA==",
          "dependencies": [
            "vault_identity_group.vault_admin",
            "vault_jwt_auth_backend.keycloak",
            "vault_policy.vault_admin"
          ]
        }
      ]
    },
    {
      "mode": "managed",
      "type": "vault_jwt_auth_backend",
      "name": "keycloak",
      "provider": "provider[\"registry.terraform.io/hashicorp/vault\"]",
      "instances": [
        {
          "schema_version": 0,
          "attributes": {
            "accessor": "auth_oidc_0b554301",
            "bound_issuer": "",
            "default_role": "default",
            "description": "Keycloak",
            "id": "oidc",
            "jwks_ca_pem": "",
            "jwks_url": "",
            "jwt_supported_algs": null,
            "jwt_validation_pubkeys": null,
            "local": false,
            "oidc_client_id": "Vault",
            "oidc_client_secret": "fTHzHYJ9kxLVQ8mUNtfPHnWNxvIFPTmw",
            "oidc_discovery_ca_pem": "-----BEGIN CERTIFICATE-----\nMIIDOzCCAiOgAwIBAgIUNtp1kDPVZYwvd1cm9g5mY3i1ZIEwDQYJKoZIhvcNAQEL\nBQAwGDEWMBQGA1UEAxMNcHJvdmlkZXIudGVzdDAeFw0yNTAyMDUxMzU4MzZaFw0z\nNTAyMDMxMzU5MDZaMBgxFjAUBgNVBAMTDXByb3ZpZGVyLnRlc3QwggEiMA0GCSqG\nSIb3DQEBAQUAA4IBDwAwggEKAoIBAQC0zSDJ5nHP3CONiIps9FRg0bgggde9ZaZ4\nqAuyPTPLt/x32ycXjI9Gh9cXKJu0+UoMHkodbD+f1mRmk5P/DzRths4BJo0nba4m\nbtWmq1ZIzs9g1guLfUIC0QaAOkI6Fw2VvkncwG6vUXwRBbYvDCgZGmyMH4K2AceU\nug4dPCFZiChF/pUUQwktCIXYksxf9LZOB7yQJ6d7hV0q6/hnME5mRIqjaOFR6vKo\nLHKCMXWJGqjSLGNxwSLfBSmuSJGTO/Mb4qG0qaOJC/7OCx3FhQNCmtJUpZvZlwaJ\nHZXN5NuDP08Ofsas6Ai4B6YFrAwXwFGGnheupHNJ0g1d1G28nPhbAgMBAAGjfTB7\nMA4GA1UdDwEB/wQEAwIBBjAPBgNVHRMBAf8EBTADAQH/MB0GA1UdDgQWBBT1ucyY\n3SXXMrW6CyFfcGTxY2jbdTAfBgNVHSMEGDAWgBT1ucyY3SXXMrW6CyFfcGTxY2jb\ndTAYBgNVHREEETAPgg1wcm92aWRlci50ZXN0MA0GCSqGSIb3DQEBCwUAA4IBAQCA\n9sUZTLO3C4o/c0IC3IbRlXwlaFv9FbaaaOp7kP/jTda/9mAxWrtWTa9ZdIWlsVw3\n1mIJOutouxneC7J89py8I/yND55Tve44S/kli5e1E5gKnERwGMhVzjitU09K3+CT\nUiEPB8wG6gUcVkKX/vIerZiOgH7U3wXFHd9GRjmYsV402uanLF7LRLCaFQ2ylHDL\nQV5j2qDwAbHThhTc5/T60aY6F2h8OP+d6b5Gc8KgMOPeK1nLB1tibhbTVQkBVEpJ\nK6HyO0cLRoea0AuuNtmIOhIyYqHSFcmY2NL4vFSJmlZlOA48a22cUmURstBMiTwh\nzQpkEgq+QRuLOqX34wZ2\n-----END CERTIFICATE-----",
            "oidc_discovery_url": "https://keycloak.services.provider.test:8443/realms/cicdtoolbox",
            "path": "oidc",
            "provider_config": null,
            "tune": [
              {
                "allowed_response_headers": [],
                "audit_non_hmac_request_keys": [],
                "audit_non_hmac_response_keys": [],
                "default_lease_ttl": "1h",
                "listing_visibility": "unauth",
                "max_lease_ttl": "8h",
                "passthrough_request_headers": [],
                "token_type": "default-service"
              }
            ],
            "type": "oidc"
          },
          "sensitive_attributes": [
            [
              {
                "type": "get_attr",
                "value": "oidc_client_secret"
              }
            ]
          ],
          "private": "bnVsbA=="
        }
      ]
    },
    {
      "mode": "managed",
      "type": "vault_jwt_auth_backend_role",
      "name": "default",
      "provider": "provider[\"registry.terraform.io/hashicorp/vault\"]",
      "instances": [
        {
          "schema_version": 0,
          "attributes": {
            "allowed_redirect_uris": [
              "http://localhost:8250/oidc/callback",
              "https://vault.internal.provider.test:8200/ui/vault/auth/oidc/oidc/callback"
            ],
            "backend": "oidc",
            "bound_audiences": null,
            "bound_cidrs": null,
            "bound_claims": null,
            "bound_claims_type": "string",
            "bound_subject": "",
            "claim_mappings": null,
            "clock_skew_leeway": 0,
            "expiration_leeway": 0,
            "groups_claim": "vaultGroups",
            "groups_claim_delimiter_pattern": null,
            "id": "auth/oidc/role/default",
            "max_ttl": null,
            "not_before_leeway": 0,
            "num_uses": null,
            "oidc_scopes": null,
            "period": null,
            "policies": null,
            "role_name": "default",
            "role_type": "oidc",
            "token_bound_cidrs": null,
            "token_explicit_max_ttl": 0,
            "token_max_ttl": 0,
            "token_no_default_policy": false,
            "token_num_uses": 0,
            "token_period": 0,
            "token_policies": [
              "default"
            ],
            "token_ttl": 0,
            "token_type": "default",
            "ttl": null,
            "user_claim": "sub",
            "verbose_oidc_logging": false
          },
          "sensitive_attributes": [],
          "private": "bnVsbA==",
          "dependencies": [
            "vault_jwt_auth_backend.keycloak"
          ]
        }
      ]
    },
    {
      "mode": "managed",
      "type": "vault_policy",
      "name": "vault_admin",
      "provider": "provider[\"registry.terraform.io/hashicorp/vault\"]",
      "instances": [
        {
          "schema_version": 0,
          "attributes": {
            "id": "vault-admin",
            "name": "vault-admin",
            "policy": "# Read system health check\npath \"sys/health\"\n{\n  capabilities = [\"read\", \"sudo\"]\n}\n\n# Create and manage ACL policies broadly across Vault\n\n# List existing policies\npath \"sys/policies/acl\"\n{\n  capabilities = [\"list\"]\n}\n\n# Create and manage ACL policies\npath \"sys/policies/acl/*\"\n{\n  capabilities = [\"create\", \"read\", \"update\", \"delete\", \"list\", \"sudo\"]\n}\n\n# Enable and manage authentication methods broadly across Vault\n\n# Manage auth methods broadly across Vault\npath \"auth/*\"\n{\n  capabilities = [\"create\", \"read\", \"update\", \"delete\", \"list\", \"sudo\"]\n}\n\n# Create, update, and delete auth methods\npath \"sys/auth/*\"\n{\n  capabilities = [\"create\", \"update\", \"delete\", \"sudo\"]\n}\n\n# List auth methods\npath \"sys/auth\"\n{\n  capabilities = [\"read\"]\n}\n\n# Enable and manage the key/value secrets engine at `secret/` path\n\n# List, create, update, and delete key/value secrets\npath \"secret/*\"\n{\n  capabilities = [\"create\", \"read\", \"update\", \"delete\", \"list\", \"sudo\"]\n}\n\n# Manage secrets engines\npath \"sys/mounts/*\"\n{\n  capabilities = [\"create\", \"read\", \"update\", \"delete\", \"list\", \"sudo\"]\n}\n\n# List existing secrets engines.\npath \"sys/mounts\"\n{\n  capabilities = [\"read\"]\n}\n\npath \"kv/*\"\n{\n  capabilities = [\"create\", \"read\", \"update\", \"delete\", \"list\", \"sudo\"]\n}\n"
          },
          "sensitive_attributes": [],
          "private": "bnVsbA=="
        }
      ]
    }
  ],
  "check_results": null
}
