{
  "version": 4,
  "terraform_version": "1.10.5",
  "serial": 294,
  "lineage": "341c307b-4842-a608-538d-0496ece7b412",
  "outputs": {},
  "resources": [
    {
      "mode": "managed",
      "type": "vault_identity_group",
      "name": "vault_admin",
      "provider": "provider[\"registry.terraform.io/hashicorp/vault\"]",
      "instances": [
        {
          "schema_version": 0,
          "attributes": {
            "external_member_entity_ids": false,
            "external_policies": false,
            "id": "f972368a-c23d-2299-3d2a-b3e192014f4f",
            "member_entity_ids": null,
            "member_group_ids": null,
            "metadata": null,
            "name": "vault-admin",
            "policies": [
              "vault-admin"
            ],
            "type": "external"
          },
          "sensitive_attributes": [],
          "private": "bnVsbA==",
          "dependencies": [
            "vault_policy.vault_admin"
          ]
        }
      ]
    },
    {
      "mode": "managed",
      "type": "vault_identity_group_alias",
      "name": "vault_admin",
      "provider": "provider[\"registry.terraform.io/hashicorp/vault\"]",
      "instances": [
        {
          "schema_version": 0,
          "attributes": {
            "canonical_id": "f972368a-c23d-2299-3d2a-b3e192014f4f",
            "id": "202d7020-4ebe-050e-451b-5a96668a2b27",
            "mount_accessor": "auth_oidc_2c87f9d9",
            "name": "vault-admin"
          },
          "sensitive_attributes": [],
          "private": "bnVsbA==",
          "dependencies": [
            "vault_identity_group.vault_admin",
            "vault_jwt_auth_backend.keycloak",
            "vault_policy.vault_admin"
          ]
        }
      ]
    },
    {
      "mode": "managed",
      "type": "vault_jwt_auth_backend",
      "name": "keycloak",
      "provider": "provider[\"registry.terraform.io/hashicorp/vault\"]",
      "instances": [
        {
          "schema_version": 0,
          "attributes": {
            "accessor": "auth_oidc_2c87f9d9",
            "bound_issuer": "",
            "default_role": "default",
            "description": "Keycloak",
            "id": "oidc",
            "jwks_ca_pem": "",
            "jwks_url": "",
            "jwt_supported_algs": null,
            "jwt_validation_pubkeys": null,
            "local": false,
            "oidc_client_id": "Vault",
            "oidc_client_secret": "aws0h2ulMbJ7JyISy7VSA89128Z7OomU",
            "oidc_discovery_ca_pem": "-----BEGIN CERTIFICATE-----\nMIIDOzCCAiOgAwIBAgIUGVoxRTtXEywr9uytZFmcwl2eF9kwDQYJKoZIhvcNAQEL\nBQAwGDEWMBQGA1UEAxMNcHJvdmlkZXIudGVzdDAeFw0yNTAyMTcxNjQ4MTNaFw0z\nNTAyMTUxNjQ4NDNaMBgxFjAUBgNVBAMTDXByb3ZpZGVyLnRlc3QwggEiMA0GCSqG\nSIb3DQEBAQUAA4IBDwAwggEKAoIBAQDBZcMx8ScLs0tDNnLoM93+egCobKl7j6nH\nciDTzUFjM7SyCDrvJRLfBlSmx5/seA66w5MaNeef0BlTFCEOVGcacBkMCk+tTw72\nbBPyFwVJvMiH6HeP/mx8REGyg/uppfpHZBqH7T7LTHPUNH1sFkMc59M1JZ3/rH5v\n7kKrnL4MAWZ6foG1Q8ZfpEF4P/0M8uDuGKWQvdDZLhcBhJE2Dz3jmnf8fV+EIOvM\nM4BLkFSFdAIVMG0RHxb0mRJv4S2tDBeIHfRGL+m2qlQb9BYJw1tnx9/XSpW5hn65\nEL1WA7hpr9ab7QtL0ky2keef8clxdrg2pB2Sn2pD1fLDczKCZgzvAgMBAAGjfTB7\nMA4GA1UdDwEB/wQEAwIBBjAPBgNVHRMBAf8EBTADAQH/MB0GA1UdDgQWBBQJuqA3\nPPHXh+3m8DhpX68XZ1H8kjAfBgNVHSMEGDAWgBQJuqA3PPHXh+3m8DhpX68XZ1H8\nkjAYBgNVHREEETAPgg1wcm92aWRlci50ZXN0MA0GCSqGSIb3DQEBCwUAA4IBAQCG\nEukKvj9XxhZ6P0DdOCRV7SLVDwXK8CU8BYiX/s3wxgmLqhrdmvrfhi46ejQ6Uy7e\n+QpP9z7Hz13RrnXpMbQK3zpYIUtxb2Y/1RJAtinUDkuIA7k9g4rZ6LftHjzP/lPT\nBqpbs4wboJ4Yra3EGhLBmh4+lT7SiuJcRHptC7nQrT9v2tV9sA2tLsVxVP04hrY4\n8TRK8vMit28/X1KZbSMX3EoFEU/rwCvJXBZuY1wzgochn6jE0klvE75w1Y+T+Fnt\nABGzyXKB8yETHAM+FMozj7hC0Fdc3HiMssL6W5pS1LQgL+HjpUSO6Dd6CJF7QPyp\nTxjGphRUKKeJtg6NNCbw\n-----END CERTIFICATE-----",
            "oidc_discovery_url": "https://keycloak.services.provider.test:8443/realms/cicdtoolbox",
            "path": "oidc",
            "provider_config": null,
            "tune": [
              {
                "allowed_response_headers": [],
                "audit_non_hmac_request_keys": [],
                "audit_non_hmac_response_keys": [],
                "default_lease_ttl": "1h",
                "listing_visibility": "unauth",
                "max_lease_ttl": "8h",
                "passthrough_request_headers": [],
                "token_type": "default-service"
              }
            ],
            "type": "oidc"
          },
          "sensitive_attributes": [
            [
              {
                "type": "get_attr",
                "value": "oidc_client_secret"
              }
            ]
          ],
          "private": "bnVsbA=="
        }
      ]
    },
    {
      "mode": "managed",
      "type": "vault_jwt_auth_backend_role",
      "name": "default",
      "provider": "provider[\"registry.terraform.io/hashicorp/vault\"]",
      "instances": [
        {
          "schema_version": 0,
          "attributes": {
            "allowed_redirect_uris": [
              "http://localhost:8250/oidc/callback",
              "https://vault.internal.provider.test:8200/ui/vault/auth/oidc/oidc/callback"
            ],
            "backend": "oidc",
            "bound_audiences": null,
            "bound_cidrs": null,
            "bound_claims": null,
            "bound_claims_type": "string",
            "bound_subject": "",
            "claim_mappings": null,
            "clock_skew_leeway": 0,
            "expiration_leeway": 0,
            "groups_claim": "vaultGroups",
            "groups_claim_delimiter_pattern": null,
            "id": "auth/oidc/role/default",
            "max_ttl": null,
            "not_before_leeway": 0,
            "num_uses": null,
            "oidc_scopes": null,
            "period": null,
            "policies": null,
            "role_name": "default",
            "role_type": "oidc",
            "token_bound_cidrs": null,
            "token_explicit_max_ttl": 0,
            "token_max_ttl": 0,
            "token_no_default_policy": false,
            "token_num_uses": 0,
            "token_period": 0,
            "token_policies": [
              "default"
            ],
            "token_ttl": 0,
            "token_type": "default",
            "ttl": null,
            "user_claim": "sub",
            "verbose_oidc_logging": false
          },
          "sensitive_attributes": [],
          "private": "bnVsbA==",
          "dependencies": [
            "vault_jwt_auth_backend.keycloak"
          ]
        }
      ]
    },
    {
      "mode": "managed",
      "type": "vault_policy",
      "name": "vault_admin",
      "provider": "provider[\"registry.terraform.io/hashicorp/vault\"]",
      "instances": [
        {
          "schema_version": 0,
          "attributes": {
            "id": "vault-admin",
            "name": "vault-admin",
            "policy": "# Read system health check\npath \"sys/health\"\n{\n  capabilities = [\"read\", \"sudo\"]\n}\n\n# Create and manage ACL policies broadly across Vault\n\n# List existing policies\npath \"sys/policies/acl\"\n{\n  capabilities = [\"list\"]\n}\n\n# Create and manage ACL policies\npath \"sys/policies/acl/*\"\n{\n  capabilities = [\"create\", \"read\", \"update\", \"delete\", \"list\", \"sudo\"]\n}\n\n# Enable and manage authentication methods broadly across Vault\n\n# Manage auth methods broadly across Vault\npath \"auth/*\"\n{\n  capabilities = [\"create\", \"read\", \"update\", \"delete\", \"list\", \"sudo\"]\n}\n\n# Create, update, and delete auth methods\npath \"sys/auth/*\"\n{\n  capabilities = [\"create\", \"update\", \"delete\", \"sudo\"]\n}\n\n# List auth methods\npath \"sys/auth\"\n{\n  capabilities = [\"read\"]\n}\n\n# Enable and manage the key/value secrets engine at `secret/` path\n\n# List, create, update, and delete key/value secrets\npath \"secret/*\"\n{\n  capabilities = [\"create\", \"read\", \"update\", \"delete\", \"list\", \"sudo\"]\n}\n\n# Manage secrets engines\npath \"sys/mounts/*\"\n{\n  capabilities = [\"create\", \"read\", \"update\", \"delete\", \"list\", \"sudo\"]\n}\n\n# List existing secrets engines.\npath \"sys/mounts\"\n{\n  capabilities = [\"read\"]\n}\n\npath \"kv/*\"\n{\n  capabilities = [\"create\", \"read\", \"update\", \"delete\", \"list\", \"sudo\"]\n}\n"
          },
          "sensitive_attributes": [],
          "private": "bnVsbA=="
        }
      ]
    }
  ],
  "check_results": null
}
