{
  "version": 4,
  "terraform_version": "1.10.5",
  "serial": 6,
  "lineage": "341c307b-4842-a608-538d-0496ece7b412",
  "outputs": {},
  "resources": [
    {
      "mode": "managed",
      "type": "vault_identity_group",
      "name": "vault_admin",
      "provider": "provider[\"registry.terraform.io/hashicorp/vault\"]",
      "instances": [
        {
          "schema_version": 0,
          "attributes": {
            "external_member_entity_ids": false,
            "external_policies": false,
            "id": "d5610127-e929-beb0-25e2-1f54e7da148e",
            "member_entity_ids": null,
            "member_group_ids": null,
            "metadata": null,
            "name": "vault-admin",
            "policies": [
              "vault-admin"
            ],
            "type": "external"
          },
          "sensitive_attributes": [],
          "private": "bnVsbA==",
          "dependencies": [
            "vault_policy.vault_admin"
          ]
        }
      ]
    },
    {
      "mode": "managed",
      "type": "vault_identity_group_alias",
      "name": "vault_admin",
      "provider": "provider[\"registry.terraform.io/hashicorp/vault\"]",
      "instances": [
        {
          "schema_version": 0,
          "attributes": {
            "canonical_id": "d5610127-e929-beb0-25e2-1f54e7da148e",
            "id": "16acf656-b6c2-8f7e-9398-2d3e3606e913",
            "mount_accessor": "auth_oidc_2cd4f27a",
            "name": "vault-admin"
          },
          "sensitive_attributes": [],
          "private": "bnVsbA==",
          "dependencies": [
            "vault_identity_group.vault_admin",
            "vault_jwt_auth_backend.keycloak",
            "vault_policy.vault_admin"
          ]
        }
      ]
    },
    {
      "mode": "managed",
      "type": "vault_jwt_auth_backend",
      "name": "keycloak",
      "provider": "provider[\"registry.terraform.io/hashicorp/vault\"]",
      "instances": [
        {
          "schema_version": 0,
          "attributes": {
            "accessor": "auth_oidc_2cd4f27a",
            "bound_issuer": "",
            "default_role": "default",
            "description": "Keycloak",
            "id": "oidc",
            "jwks_ca_pem": "",
            "jwks_url": "",
            "jwt_supported_algs": null,
            "jwt_validation_pubkeys": null,
            "local": false,
            "oidc_client_id": "Vault",
            "oidc_client_secret": "UDRWtVcTbP0tZcSQKhkcCa0EaigoulRk",
            "oidc_discovery_ca_pem": "-----BEGIN CERTIFICATE-----\nMIIDOzCCAiOgAwIBAgIUVOPtejJ48gcPag6KgRmGaRGcM50wDQYJKoZIhvcNAQEL\nBQAwGDEWMBQGA1UEAxMNcHJvdmlkZXIudGVzdDAeFw0yNTAxMjkwOTAwNTZaFw0z\nNTAxMjcwOTAxMjZaMBgxFjAUBgNVBAMTDXByb3ZpZGVyLnRlc3QwggEiMA0GCSqG\nSIb3DQEBAQUAA4IBDwAwggEKAoIBAQCZQJClvqUvl2Pe7Ctu7Wz5cUw3f+SqHKSj\nJNsrJgt/5ygU8SFEbPgbeoBCVhsukPfEp2IVMQdk9yikkrWXyXr/BZ1/PmU+4JOO\nqYBXKS23upxyFuGpNXcJCd+ybNRyaVyCJ2Ca2PHuLwsZDqewBL9c+0oCKNazlkeA\nxj3FlzRfWoX0R+O/k5SoGJdbGQlv8Nn4PvfoTm7ms9yGjm5omWqdOhbZQyvOFyi5\nDlUhS68AwEtxOYtaKDEtZc8mLOx26an3JzLeJ1box+h08gRFWRt4yKQdv6vlu1X8\nzP6wlkCwlhuyCB5iyw4zMMh03ELPT2qpnvhyBh3NSJQ1rhqrsdG7AgMBAAGjfTB7\nMA4GA1UdDwEB/wQEAwIBBjAPBgNVHRMBAf8EBTADAQH/MB0GA1UdDgQWBBSEsmnD\nTl22pO+WTOP2avLG9U1UkjAfBgNVHSMEGDAWgBSEsmnDTl22pO+WTOP2avLG9U1U\nkjAYBgNVHREEETAPgg1wcm92aWRlci50ZXN0MA0GCSqGSIb3DQEBCwUAA4IBAQAI\neFZ6Rp5LuLPnphf/9CyxHlN8/NHAEduqUWxn8SqTrJ7V8D6vCss6Hs029bTjVD3c\nxReIScNePSGodZHL2eGgPMKRvxoFZy5V57a+ZP9ZCAnFioJxcoP66VmWYiWbGUa+\nnqWvJs9utmLP4W+Z/khv9U/0Kj+IBGeTi3m/djbNW9cE54SwFS6F0M28Kc/qtOuC\nCJR61fB10KEr62L8NH032BvFI2sHa+kdZsbwnDVqKbZhHwXZyTyrK90twS83goIn\nYgKfQ58mtuqXSfdhH7+oagPvy5XQ33WE3HLSrScqnLtvJ/O+QSeTeJqqzajwhrmR\nv2T0uR9VnRGFEO5awB+l\n-----END CERTIFICATE-----",
            "oidc_discovery_url": "https://keycloak.services.provider.test:8443/realms/cicdtoolbox",
            "path": "oidc",
            "provider_config": null,
            "tune": [
              {
                "allowed_response_headers": [],
                "audit_non_hmac_request_keys": [],
                "audit_non_hmac_response_keys": [],
                "default_lease_ttl": "1h",
                "listing_visibility": "unauth",
                "max_lease_ttl": "8h",
                "passthrough_request_headers": [],
                "token_type": "default-service"
              }
            ],
            "type": "oidc"
          },
          "sensitive_attributes": [
            [
              {
                "type": "get_attr",
                "value": "oidc_client_secret"
              }
            ]
          ],
          "private": "bnVsbA=="
        }
      ]
    },
    {
      "mode": "managed",
      "type": "vault_jwt_auth_backend_role",
      "name": "default",
      "provider": "provider[\"registry.terraform.io/hashicorp/vault\"]",
      "instances": [
        {
          "schema_version": 0,
          "attributes": {
            "allowed_redirect_uris": [
              "http://localhost:8250/oidc/callback",
              "https://vault.internal.provider.test:8200/ui/vault/auth/oidc/oidc/callback"
            ],
            "backend": "oidc",
            "bound_audiences": null,
            "bound_cidrs": null,
            "bound_claims": null,
            "bound_claims_type": "string",
            "bound_subject": "",
            "claim_mappings": null,
            "clock_skew_leeway": 0,
            "expiration_leeway": 0,
            "groups_claim": "vaultGroups",
            "groups_claim_delimiter_pattern": null,
            "id": "auth/oidc/role/default",
            "max_ttl": null,
            "not_before_leeway": 0,
            "num_uses": null,
            "oidc_scopes": null,
            "period": null,
            "policies": null,
            "role_name": "default",
            "role_type": "oidc",
            "token_bound_cidrs": null,
            "token_explicit_max_ttl": 0,
            "token_max_ttl": 0,
            "token_no_default_policy": false,
            "token_num_uses": 0,
            "token_period": 0,
            "token_policies": [
              "default"
            ],
            "token_ttl": 0,
            "token_type": "default",
            "ttl": null,
            "user_claim": "sub",
            "verbose_oidc_logging": false
          },
          "sensitive_attributes": [],
          "private": "bnVsbA==",
          "dependencies": [
            "vault_jwt_auth_backend.keycloak"
          ]
        }
      ]
    },
    {
      "mode": "managed",
      "type": "vault_policy",
      "name": "vault_admin",
      "provider": "provider[\"registry.terraform.io/hashicorp/vault\"]",
      "instances": [
        {
          "schema_version": 0,
          "attributes": {
            "id": "vault-admin",
            "name": "vault-admin",
            "policy": "# Read system health check\npath \"sys/health\"\n{\n  capabilities = [\"read\", \"sudo\"]\n}\n\n# Create and manage ACL policies broadly across Vault\n\n# List existing policies\npath \"sys/policies/acl\"\n{\n  capabilities = [\"list\"]\n}\n\n# Create and manage ACL policies\npath \"sys/policies/acl/*\"\n{\n  capabilities = [\"create\", \"read\", \"update\", \"delete\", \"list\", \"sudo\"]\n}\n\n# Enable and manage authentication methods broadly across Vault\n\n# Manage auth methods broadly across Vault\npath \"auth/*\"\n{\n  capabilities = [\"create\", \"read\", \"update\", \"delete\", \"list\", \"sudo\"]\n}\n\n# Create, update, and delete auth methods\npath \"sys/auth/*\"\n{\n  capabilities = [\"create\", \"update\", \"delete\", \"sudo\"]\n}\n\n# List auth methods\npath \"sys/auth\"\n{\n  capabilities = [\"read\"]\n}\n\n# Enable and manage the key/value secrets engine at `secret/` path\n\n# List, create, update, and delete key/value secrets\npath \"secret/*\"\n{\n  capabilities = [\"create\", \"read\", \"update\", \"delete\", \"list\", \"sudo\"]\n}\n\n# Manage secrets engines\npath \"sys/mounts/*\"\n{\n  capabilities = [\"create\", \"read\", \"update\", \"delete\", \"list\", \"sudo\"]\n}\n\n# List existing secrets engines.\npath \"sys/mounts\"\n{\n  capabilities = [\"read\"]\n}\n\npath \"kv/*\"\n{\n  capabilities = [\"create\", \"read\", \"update\", \"delete\", \"list\", \"sudo\"]\n}\n"
          },
          "sensitive_attributes": [],
          "private": "bnVsbA=="
        }
      ]
    }
  ],
  "check_results": null
}
